
Microsoft Visual Studio Solution File, Format Version 12.00
# Visual Studio Version 17
VisualStudioVersion = 17.5.002.0
MinimumVisualStudioVersion = 10.0.40219.1
Project("{9A19103F-16F7-4668-BE54-9A1E7A4F7556}") = "MyCSharpProject", "MyCSharpProject.csproj", "{DC50A6FF-BA86-4445-A528-0BE78E562244}"
EndProject
Global
	GlobalSection(SolutionConfigurationPlatforms) = preSolution
		Debug|Any CPU = Debug|Any CPU
		Release|Any CPU = Release|Any CPU
	EndGlobalSection
	GlobalSection(ProjectConfigurationPlatforms) = postSolution
		{DC50A6FF-BA86-4445-A528-0BE78E562244}.Debug|Any CPU.ActiveCfg = Debug|Any CPU
		{DC50A6FF-BA86-4445-A528-0BE78E562244}.Debug|Any CPU.Build.0 = Debug|Any CPU
		{DC50A6FF-BA86-4445-A528-0BE78E562244}.Release|Any CPU.ActiveCfg = Release|Any CPU
		{DC50A6FF-BA86-4445-A528-0BE78E562244}.Release|Any CPU.Build.0 = Release|Any CPU
	EndGlobalSection
	GlobalSection(SolutionProperties) = preSolution
		HideSolutionNode = FALSE
	EndGlobalSection
	GlobalSection(ExtensibilityGlobals) = postSolution
		SolutionGuid = {DF2D290C-A5C5-47B8-B0FA-322EDC4BFB2E}
	EndGlobalSection
EndGlobal
